{
  "name": "content_catalogue",
  "requires": true,
  "lockfileVersion": 1,
  "dependencies": {
    "jquery": {
      "version": "3.2.1",
      "resolved": "https://registry.npmjs.org/jquery/-/jquery-3.2.1.tgz",
      "integrity": "sha1-XE2d5lKvbNCncBVKYxu6ErAVx4c="
    },
    "jquery-pjax": {
      "version": "2.0.1",
      "resolved": "https://registry.npmjs.org/jquery-pjax/-/jquery-pjax-2.0.1.tgz",
      "integrity": "sha1-azoboW5kTmJL3P5y62s9lqhG9fI="
    },
    "pjax-api": {
      "version": "3.15.2",
      "resolved": "https://registry.npmjs.org/pjax-api/-/pjax-api-3.15.2.tgz",
      "integrity": "sha512-OgD/0AqoT+DWy31pJ7GGPc5PkidJ43EdvRiYG135vWYkDryga6N/St7ulKxvMdyM8pz1gy2VxtWRN5dHekUh3Q=="
    }
  }
}
